
Microsoft Visual Studio Solution File, Format Version 12.00
# Visual Studio Version 16
VisualStudioVersion = 16.0.30907.101
MinimumVisualStudioVersion = 10.0.40219.1
Project("{FAE04EC0-301F-11D3-BF4B-00C04F79EFBC}") = "Diabolus Engine", "Diabolus Engine.csproj", "{B42F026F-A798-4099-895B-F3048517490B}"
EndProject
Global
	GlobalSection(SolutionConfigurationPlatforms) = preSolution
		Debug|Any CPU = Debug|Any CPU
		Release|Any CPU = Release|Any CPU
	EndGlobalSection
	GlobalSection(ProjectConfigurationPlatforms) = postSolution
		{B42F026F-A798-4099-895B-F3048517490B}.Debug|Any CPU.ActiveCfg = Debug|Any CPU
		{B42F026F-A798-4099-895B-F3048517490B}.Debug|Any CPU.Build.0 = Debug|Any CPU
		{B42F026F-A798-4099-895B-F3048517490B}.Release|Any CPU.ActiveCfg = Release|Any CPU
		{B42F026F-A798-4099-895B-F3048517490B}.Release|Any CPU.Build.0 = Release|Any CPU
	EndGlobalSection
	GlobalSection(SolutionProperties) = preSolution
		HideSolutionNode = FALSE
	EndGlobalSection
	GlobalSection(ExtensibilityGlobals) = postSolution
		SolutionGuid = {65FA018D-2D67-49F6-A66E-B22361C90971}
	EndGlobalSection
EndGlobal
